// !$*UTF8*$!
{
	archiveVersion = 1;
	classes = {
	};
	objectVersion = 46;
	objects = {

/* Begin PBXBuildFile section */
		AB7236AF1D0FD18D0016C2A9 /* main.cpp in Sources */ = {isa = PBXBuildFile; fileRef = AB7236AE1D0FD18D0016C2A9 /* main.cpp */; };
/* End PBXBuildFile section */

/* Begin PBXCopyFilesBuildPhase section */
		AB7236A91D0FD18D0016C2A9 /* CopyFiles */ = {
			isa = PBXCopyFilesBuildPhase;
			buildActionMask = 2147483647;
			dstPath = /usr/share/man/man1/;
			dstSubfolderSpec = 0;
			files = (
			);
			runOnlyForDeploymentPostprocessing = 1;
		};
/* End PBXCopyFilesBuildPhase section */

/* Begin PBXFileReference section */
		AB7236AB1D0FD18D0016C2A9 /* data-structures-and-algorithms */ = {isa = PBXFileReference; explicitFileType = "compiled.mach-o.executable"; includeInIndex = 0; path = "data-structures-and-algorithms"; sourceTree = BUILT_PRODUCTS_DIR; };
		AB7236AE1D0FD18D0016C2A9 /* main.cpp */ = {isa = PBXFileReference; lastKnownFileType = sourcecode.cpp.cpp; path = main.cpp; sourceTree = "<group>"; };
/* End PBXFileReference section */

/* Begin PBXFrameworksBuildPhase section */
		AB7236A81D0FD18D0016C2A9 /* Frameworks */ = {
			isa = PBXFrameworksBuildPhase;
			buildActionMask = 2147483647;
			files = (
			);
			runOnlyForDeploymentPostprocessing = 0;
		};
/* End PBXFrameworksBuildPhase section */

/* Begin PBXGroup section */
		AB7236A21D0FD18D0016C2A9 = {
			isa = PBXGroup;
			children = (
				AB7236AD1D0FD18D0016C2A9 /* data-structures-and-algorithms */,
				AB7236AC1D0FD18D0016C2A9 /* Products */,
			);
			sourceTree = "<group>";
		};
		AB7236AC1D0FD18D0016C2A9 /* Products */ = {
			isa = PBXGroup;
			children = (
				AB7236AB1D0FD18D0016C2A9 /* data-structures-and-algorithms */,
			);
			name = Products;
			sourceTree = "<group>";
		};
		AB7236AD1D0FD18D0016C2A9 /* data-structures-and-algorithms */ = {
			isa = PBXGroup;
			children = (
				AB7236AE1D0FD18D0016C2A9 /* main.cpp */,
			);
			path = "data-structures-and-algorithms";
			sourceTree = "<group>";
		};
/* End PBXGroup section */

/* Begin PBXNativeTarget section */
		AB7236AA1D0FD18D0016C2A9 /* data-structures-and-algorithms */ = {
			isa = PBXNativeTarget;
			buildConfigurationList = AB7236B21D0FD18D0016C2A9 /* Build configuration list for PBXNativeTarget "data-structures-and-algorithms" */;
			buildPhases = (
				AB7236A71D0FD18D0016C2A9 /* Sources */,
				AB7236A81D0FD18D0016C2A9 /* Frameworks */,
				AB7236A91D0FD18D0016C2A9 /* CopyFiles */,
			);
			buildRules = (
			);
			dependencies = (
			);
			name = "data-structures-and-algorithms";
			productName = "data-structures-and-algorithms";
			productReference = AB7236AB1D0FD18D0016C2A9 /* data-structures-and-algorithms */;
			productType = "com.apple.product-type.tool";
		};
/* End PBXNativeTarget section */

/* Begin PBXProject section */
		AB7236A31D0FD18D0016C2A9 /* Project object */ = {
			isa = PBXProject;
			attributes = {
				LastUpgradeCheck = 0700;
				ORGANIZATIONNAME = "Jarmo Pihlajaniemi";
				TargetAttributes = {
					AB7236AA1D0FD18D0016C2A9 = {
						CreatedOnToolsVersion = 7.0;
					};
				};
			};
			buildConfigurationList = AB7236A61D0FD18D0016C2A9 /* Build configuration list for PBXProject "data-structures-and-algorithms" */;
			compatibilityVersion = "Xcode 3.2";
			developmentRegion = English;
			hasScannedForEncodings = 0;
			knownRegions = (
				en,
			);
			mainGroup = AB7236A21D0FD18D0016C2A9;
			productRefGroup = AB7236AC1D0FD18D0016C2A9 /* Products */;
			projectDirPath = "";
			projectRoot = "";
			targets = (
				AB7236AA1D0FD18D0016C2A9 /* data-structures-and-algorithms */,
			);
		};
/* End PBXProject section */

/* Begin PBXSourcesBuildPhase section */
		AB7236A71D0FD18D0016C2A9 /* Sources */ = {
			isa = PBXSourcesBuildPhase;
			buildActionMask = 2147483647;
			files = (
				AB7236AF1D0FD18D0016C2A9 /* main.cpp in Sources */,
			);
			runOnlyForDeploymentPostprocessing = 0;
		};
/* End PBXSourcesBuildPhase section */

/* Begin XCBuildConfiguration section */
		AB7236B01D0FD18D0016C2A9 /* Debug */ = {
			isa = XCBuildConfiguration;
			buildSettings = {
				ALWAYS_SEARCH_USER_PATHS = NO;
				CLANG_CXX_LANGUAGE_STANDARD = "gnu++0x";
				CLANG_CXX_LIBRARY = "libc++";
				CLANG_ENABLE_MODULES = YES;
				CLANG_ENABLE_OBJC_ARC = YES;
				CLANG_WARN_BOOL_CONVERSION = YES;
				CLANG_WARN_CONSTANT_CONVERSION = YES;
				CLANG_WARN_DIRECT_OBJC_ISA_USAGE = YES_ERROR;
				CLANG_WARN_EMPTY_BODY = YES;
				CLANG_WARN_ENUM_CONVERSION = YES;
				CLANG_WARN_INT_CONVERSION = YES;
				CLANG_WARN_OBJC_ROOT_CLASS = YES_ERROR;
				CLANG_WARN_UNREACHABLE_CODE = YES;
				CLANG_WARN__DUPLICATE_METHOD_MATCH = YES;
				COPY_PHASE_STRIP = NO;
				DEBUG_INFORMATION_FORMAT = dwarf;
				ENABLE_STRICT_OBJC_MSGSEND = YES;
				ENABLE_TESTABILITY = YES;
				GCC_C_LANGUAGE_STANDARD = gnu99;
				GCC_DYNAMIC_NO_PIC = NO;
				GCC_NO_COMMON_BLOCKS = YES;
				GCC_OPTIMIZATION_LEVEL = 0;
				GCC_PREPROCESSOR_DEFINITIONS = (
					"DEBUG=1",
					"$(inherited)",
				);
				GCC_WARN_64_TO_32_BIT_CONVERSION = YES;
				GCC_WARN_ABOUT_RETURN_TYPE = YES_ERROR;
				GCC_WARN_UNDECLARED_SELECTOR = YES;
				GCC_WARN_UNINITIALIZED_AUTOS = YES_AGGRESSIVE;
				GCC_WARN_UNUSED_FUNCTION = YES;
				GCC_WARN_UNUSED_VARIABLE = YES;
				MACOSX_DEPLOYMENT_TARGET = 10.11;
				MTL_ENABLE_DEBUG_INFO = YES;
				ONLY_ACTIVE_ARCH = YES;
				SDKROOT = macosx;
			};
			name = Debug;
		};
		AB7236B11D0FD18D0016C2A9 /* Release */ = {
			isa = XCBuildConfiguration;
			buildSettings = {
				ALWAYS_SEARCH_USER_PATHS = NO;
				CLANG_CXX_LANGUAGE_STANDARD = "gnu++0x";
				CLANG_CXX_LIBRARY = "libc++";
				CLANG_ENABLE_MODULES = YES;
				CLANG_ENABLE_OBJC_ARC = YES;
				CLANG_WARN_BOOL_CONVERSION = YES;
				CLANG_WARN_CONSTANT_CONVERSION = YES;
				CLANG_WARN_DIRECT_OBJC_ISA_USAGE = YES_ERROR;
				CLANG_WARN_EMPTY_BODY = YES;
				CLANG_WARN_ENUM_CONVERSION = YES;
				CLANG_WARN_INT_CONVERSION = YES;
				CLANG_WARN_OBJC_ROOT_CLASS = YES_ERROR;
				CLANG_WARN_UNREACHABLE_CODE = YES;
				CLANG_WARN__DUPLICATE_METHOD_MATCH = YES;
				COPY_PHASE_STRIP = NO;
				DEBUG_INFORMATION_FORMAT = "dwarf-with-dsym";
				ENABLE_NS_ASSERTIONS = NO;
				ENABLE_STRICT_OBJC_MSGSEND = YES;
				GCC_C_LANGUAGE_STANDARD = gnu99;
				GCC_NO_COMMON_BLOCKS = YES;
				GCC_WARN_64_TO_32_BIT_CONVERSION = YES;
				GCC_WARN_ABOUT_RETURN_TYPE = YES_ERROR;
				GCC_WARN_UNDECLARED_SELECTOR = YES;
				GCC_WARN_UNINITIALIZED_AUTOS = YES_AGGRESSIVE;
				GCC_WARN_UNUSED_FUNCTION = YES;
				GCC_WARN_UNUSED_VARIABLE = YES;
				MACOSX_DEPLOYMENT_TARGET = 10.11;
				MTL_ENABLE_DEBUG_INFO = NO;
				SDKROOT = macosx;
			};
			name = Release;
		};
		AB7236B31D0FD18D0016C2A9 /* Debug */ = {
			isa = XCBuildConfiguration;
			buildSettings = {
				PRODUCT_NAME = "$(TARGET_NAME)";
			};
			name = Debug;
		};
		AB7236B41D0FD18D0016C2A9 /* Release */ = {
			isa = XCBuildConfiguration;
			buildSettings = {
				PRODUCT_NAME = "$(TARGET_NAME)";
			};
			name = Release;
		};
/* End XCBuildConfiguration section */

/* Begin XCConfigurationList section */
		AB7236A61D0FD18D0016C2A9 /* Build configuration list for PBXProject "data-structures-and-algorithms" */ = {
			isa = XCConfigurationList;
			buildConfigurations = (
				AB7236B01D0FD18D0016C2A9 /* Debug */,
				AB7236B11D0FD18D0016C2A9 /* Release */,
			);
			defaultConfigurationIsVisible = 0;
			defaultConfigurationName = Release;
		};
		AB7236B21D0FD18D0016C2A9 /* Build configuration list for PBXNativeTarget "data-structures-and-algorithms" */ = {
			isa = XCConfigurationList;
			buildConfigurations = (
				AB7236B31D0FD18D0016C2A9 /* Debug */,
				AB7236B41D0FD18D0016C2A9 /* Release */,
			);
			defaultConfigurationIsVisible = 0;
		};
/* End XCConfigurationList section */
	};
	rootObject = AB7236A31D0FD18D0016C2A9 /* Project object */;
}
